
Microsoft Visual Studio Solution File, Format Version 12.00
# Visual Studio Version 17
VisualStudioVersion = 17.8.34330.188
MinimumVisualStudioVersion = 10.0.40219.1
Project("{9A19103F-16F7-4668-BE54-9A1E7A4F7556}") = "TopDownDungeon", "TopDownDungeon.csproj", "{2078BD47-C6F9-4E8A-954F-219541D1144C}"
EndProject
Global
	GlobalSection(SolutionConfigurationPlatforms) = preSolution
		Debug|Any CPU = Debug|Any CPU
		Release|Any CPU = Release|Any CPU
	EndGlobalSection
	GlobalSection(ProjectConfigurationPlatforms) = postSolution
		{2078BD47-C6F9-4E8A-954F-219541D1144C}.Debug|Any CPU.ActiveCfg = Debug|Any CPU
		{2078BD47-C6F9-4E8A-954F-219541D1144C}.Debug|Any CPU.Build.0 = Debug|Any CPU
		{2078BD47-C6F9-4E8A-954F-219541D1144C}.Release|Any CPU.ActiveCfg = Release|Any CPU
		{2078BD47-C6F9-4E8A-954F-219541D1144C}.Release|Any CPU.Build.0 = Release|Any CPU
	EndGlobalSection
	GlobalSection(SolutionProperties) = preSolution
		HideSolutionNode = FALSE
	EndGlobalSection
	GlobalSection(ExtensibilityGlobals) = postSolution
		SolutionGuid = {8CA37AB8-3599-4C10-85EF-D9078776E5F4}
	EndGlobalSection
EndGlobal
